
Microsoft Visual Studio Solution File, Format Version 12.00
# Visual Studio Version 17
VisualStudioVersion = 17.9.34723.18
MinimumVisualStudioVersion = 10.0.40219.1
Project("{FAE04EC0-301F-11D3-BF4B-00C04F79EFBC}") = "sb-sharp-u7", "sb-sharp-u7\sb-sharp-u7.csproj", "{81C9D1E1-847A-4EEA-A1B8-9CF8179E36D5}"
EndProject
Global
	GlobalSection(SolutionConfigurationPlatforms) = preSolution
		Debug|Any CPU = Debug|Any CPU
		Release|Any CPU = Release|Any CPU
	EndGlobalSection
	GlobalSection(ProjectConfigurationPlatforms) = postSolution
		{81C9D1E1-847A-4EEA-A1B8-9CF8179E36D5}.Debug|Any CPU.ActiveCfg = Debug|Any CPU
		{81C9D1E1-847A-4EEA-A1B8-9CF8179E36D5}.Debug|Any CPU.Build.0 = Debug|Any CPU
		{81C9D1E1-847A-4EEA-A1B8-9CF8179E36D5}.Release|Any CPU.ActiveCfg = Release|Any CPU
		{81C9D1E1-847A-4EEA-A1B8-9CF8179E36D5}.Release|Any CPU.Build.0 = Release|Any CPU
	EndGlobalSection
	GlobalSection(SolutionProperties) = preSolution
		HideSolutionNode = FALSE
	EndGlobalSection
	GlobalSection(ExtensibilityGlobals) = postSolution
		SolutionGuid = {B20D1B5A-A349-4A3A-8A14-88B7903B3EC5}
	EndGlobalSection
EndGlobal
